{
  "name": "@shivamk.tech/medium",
  "version": "1.0.0",
  "lockfileVersion": 3,
  "requires": true,
  "packages": {
    "": {
      "name": "@shivamk.tech/medium",
      "version": "1.0.0",
      "license": "ISC",
      "dependencies": {
        "zod": "^3.23.0"
      },
      "devDependencies": {}
    },
    "node_modules/zod": {
      "version": "3.23.0",
      "resolved": "https://registry.npmjs.org/zod/-/zod-3.23.0.tgz",
      "integrity": "sha512-OFLT+LTocvabn6q76BTwVB0hExEBS0IduTr3cqZyMqEDbOnYmcU+y0tUAYbND4uwclpBGi4I4UUBGzylWpjLGA==",
      "funding": {
        "url": "https://github.com/sponsors/colinhacks"
      }
    }
  }
}
